// !$*UTF8*$!
{
	archiveVersion = 1;
	classes = {
	};
	objectVersion = 56;
	objects = {

/* Begin PBXBuildFile section */
		72AF8A172BB8A29800CBFB36 /* Mbox_extractorApp.swift in Sources */ = {isa = PBXBuildFile; fileRef = 72AF8A162BB8A29800CBFB36 /* Mbox_extractorApp.swift */; };
		72AF8A1B2BB8A29A00CBFB36 /* Assets.xcassets in Resources */ = {isa = PBXBuildFile; fileRef = 72AF8A1A2BB8A29A00CBFB36 /* Assets.xcassets */; };
		72AF8A1F2BB8A29A00CBFB36 /* Preview Assets.xcassets in Resources */ = {isa = PBXBuildFile; fileRef = 72AF8A1E2BB8A29A00CBFB36 /* Preview Assets.xcassets */; };
		72C948E52BB9114A00B14754 /* ContentView.swift in Sources */ = {isa = PBXBuildFile; fileRef = 72C948E42BB9114A00B14754 /* ContentView.swift */; };
		72C948E72BB9125500B14754 /* EmailMessage.swift in Sources */ = {isa = PBXBuildFile; fileRef = 72C948E62BB9125500B14754 /* EmailMessage.swift */; };
		72C948E92BB9129900B14754 /* EmailAttachment.swift in Sources */ = {isa = PBXBuildFile; fileRef = 72C948E82BB9129900B14754 /* EmailAttachment.swift */; };
		72C948EB2BB9157300B14754 /* MboxParser.swift in Sources */ = {isa = PBXBuildFile; fileRef = 72C948EA2BB9157300B14754 /* MboxParser.swift */; };
/* End PBXBuildFile section */

/* Begin PBXFileReference section */
		72AF8A132BB8A29800CBFB36 /* Mbox extractor.app */ = {isa = PBXFileReference; explicitFileType = wrapper.application; includeInIndex = 0; path = "Mbox extractor.app"; sourceTree = BUILT_PRODUCTS_DIR; };
		72AF8A162BB8A29800CBFB36 /* Mbox_extractorApp.swift */ = {isa = PBXFileReference; lastKnownFileType = sourcecode.swift; path = Mbox_extractorApp.swift; sourceTree = "<group>"; };
		72AF8A182BB8A29800CBFB36 /* pasContentView.swift */ = {isa = PBXFileReference; lastKnownFileType = sourcecode.swift; path = pasContentView.swift; sourceTree = "<group>"; };
		72AF8A1A2BB8A29A00CBFB36 /* Assets.xcassets */ = {isa = PBXFileReference; lastKnownFileType = folder.assetcatalog; path = Assets.xcassets; sourceTree = "<group>"; };
		72AF8A1C2BB8A29A00CBFB36 /* Mbox_extractor.entitlements */ = {isa = PBXFileReference; lastKnownFileType = text.plist.entitlements; path = Mbox_extractor.entitlements; sourceTree = "<group>"; };
		72AF8A1E2BB8A29A00CBFB36 /* Preview Assets.xcassets */ = {isa = PBXFileReference; lastKnownFileType = folder.assetcatalog; path = "Preview Assets.xcassets"; sourceTree = "<group>"; };
		72C948E42BB9114A00B14754 /* ContentView.swift */ = {isa = PBXFileReference; lastKnownFileType = sourcecode.swift; path = ContentView.swift; sourceTree = "<group>"; };
		72C948E62BB9125500B14754 /* EmailMessage.swift */ = {isa = PBXFileReference; lastKnownFileType = sourcecode.swift; name = EmailMessage.swift; path = "Mbox extractor/EmailMessage.swift"; sourceTree = SOURCE_ROOT; };
		72C948E82BB9129900B14754 /* EmailAttachment.swift */ = {isa = PBXFileReference; lastKnownFileType = sourcecode.swift; path = EmailAttachment.swift; sourceTree = "<group>"; };
		72C948EA2BB9157300B14754 /* MboxParser.swift */ = {isa = PBXFileReference; lastKnownFileType = sourcecode.swift; path = MboxParser.swift; sourceTree = "<group>"; };
/* End PBXFileReference section */

/* Begin PBXFrameworksBuildPhase section */
		72AF8A102BB8A29800CBFB36 /* Frameworks */ = {
			isa = PBXFrameworksBuildPhase;
			buildActionMask = 2147483647;
			files = (
			);
			runOnlyForDeploymentPostprocessing = 0;
		};
/* End PBXFrameworksBuildPhase section */

/* Begin PBXGroup section */
		72AF8A0A2BB8A29800CBFB36 = {
			isa = PBXGroup;
			children = (
				72AF8A182BB8A29800CBFB36 /* pasContentView.swift */,
				72AF8A152BB8A29800CBFB36 /* Mbox extractor */,
				72AF8A142BB8A29800CBFB36 /* Products */,
			);
			sourceTree = "<group>";
		};
		72AF8A142BB8A29800CBFB36 /* Products */ = {
			isa = PBXGroup;
			children = (
				72AF8A132BB8A29800CBFB36 /* Mbox extractor.app */,
			);
			name = Products;
			sourceTree = "<group>";
		};
		72AF8A152BB8A29800CBFB36 /* Mbox extractor */ = {
			isa = PBXGroup;
			children = (
				72AF8A162BB8A29800CBFB36 /* Mbox_extractorApp.swift */,
				72AF8A1A2BB8A29A00CBFB36 /* Assets.xcassets */,
				72AF8A1C2BB8A29A00CBFB36 /* Mbox_extractor.entitlements */,
				72C948E42BB9114A00B14754 /* ContentView.swift */,
				72C948E62BB9125500B14754 /* EmailMessage.swift */,
				72C948EA2BB9157300B14754 /* MboxParser.swift */,
				72C948E82BB9129900B14754 /* EmailAttachment.swift */,
				72AF8A1D2BB8A29A00CBFB36 /* Preview Content */,
			);
			path = "Mbox extractor";
			sourceTree = "<group>";
		};
		72AF8A1D2BB8A29A00CBFB36 /* Preview Content */ = {
			isa = PBXGroup;
			children = (
				72AF8A1E2BB8A29A00CBFB36 /* Preview Assets.xcassets */,
			);
			path = "Preview Content";
			sourceTree = "<group>";
		};
/* End PBXGroup section */

/* Begin PBXNativeTarget section */
		72AF8A122BB8A29800CBFB36 /* Mbox extractor */ = {
			isa = PBXNativeTarget;
			buildConfigurationList = 72AF8A222BB8A29A00CBFB36 /* Build configuration list for PBXNativeTarget "Mbox extractor" */;
			buildPhases = (
				72AF8A0F2BB8A29800CBFB36 /* Sources */,
				72AF8A102BB8A29800CBFB36 /* Frameworks */,
				72AF8A112BB8A29800CBFB36 /* Resources */,
			);
			buildRules = (
			);
			dependencies = (
			);
			name = "Mbox extractor";
			productName = "Mbox extractor";
			productReference = 72AF8A132BB8A29800CBFB36 /* Mbox extractor.app */;
			productType = "com.apple.product-type.application";
		};
/* End PBXNativeTarget section */

/* Begin PBXProject section */
		72AF8A0B2BB8A29800CBFB36 /* Project object */ = {
			isa = PBXProject;
			attributes = {
				BuildIndependentTargetsInParallel = 1;
				LastSwiftUpdateCheck = 1530;
				LastUpgradeCheck = 1530;
				TargetAttributes = {
					72AF8A122BB8A29800CBFB36 = {
						CreatedOnToolsVersion = 15.3;
					};
				};
			};
			buildConfigurationList = 72AF8A0E2BB8A29800CBFB36 /* Build configuration list for PBXProject "Mbox extractor" */;
			compatibilityVersion = "Xcode 14.0";
			developmentRegion = en;
			hasScannedForEncodings = 0;
			knownRegions = (
				en,
				Base,
			);
			mainGroup = 72AF8A0A2BB8A29800CBFB36;
			productRefGroup = 72AF8A142BB8A29800CBFB36 /* Products */;
			projectDirPath = "";
			projectRoot = "";
			targets = (
				72AF8A122BB8A29800CBFB36 /* Mbox extractor */,
			);
		};
/* End PBXProject section */

/* Begin PBXResourcesBuildPhase section */
		72AF8A112BB8A29800CBFB36 /* Resources */ = {
			isa = PBXResourcesBuildPhase;
			buildActionMask = 2147483647;
			files = (
				72AF8A1F2BB8A29A00CBFB36 /* Preview Assets.xcassets in Resources */,
				72AF8A1B2BB8A29A00CBFB36 /* Assets.xcassets in Resources */,
			);
			runOnlyForDeploymentPostprocessing = 0;
		};
/* End PBXResourcesBuildPhase section */

/* Begin PBXSourcesBuildPhase section */
		72AF8A0F2BB8A29800CBFB36 /* Sources */ = {
			isa = PBXSourcesBuildPhase;
			buildActionMask = 2147483647;
			files = (
				72C948EB2BB9157300B14754 /* MboxParser.swift in Sources */,
				72C948E72BB9125500B14754 /* EmailMessage.swift in Sources */,
				72C948E92BB9129900B14754 /* EmailAttachment.swift in Sources */,
				72C948E52BB9114A00B14754 /* ContentView.swift in Sources */,
				72AF8A172BB8A29800CBFB36 /* Mbox_extractorApp.swift in Sources */,
			);
			runOnlyForDeploymentPostprocessing = 0;
		};
/* End PBXSourcesBuildPhase section */

/* Begin XCBuildConfiguration section */
		72AF8A202BB8A29A00CBFB36 /* Debug */ = {
			isa = XCBuildConfiguration;
			buildSettings = {
				ALWAYS_SEARCH_USER_PATHS = NO;
				ASSETCATALOG_COMPILER_GENERATE_SWIFT_ASSET_SYMBOL_EXTENSIONS = YES;
				CLANG_ANALYZER_NONNULL = YES;
				CLANG_ANALYZER_NUMBER_OBJECT_CONVERSION = YES_AGGRESSIVE;
				CLANG_CXX_LANGUAGE_STANDARD = "gnu++20";
				CLANG_ENABLE_MODULES = YES;
				CLANG_ENABLE_OBJC_ARC = YES;
				CLANG_ENABLE_OBJC_WEAK = YES;
				CLANG_WARN_BLOCK_CAPTURE_AUTORELEASING = YES;
				CLANG_WARN_BOOL_CONVERSION = YES;
				CLANG_WARN_COMMA = YES;
				CLANG_WARN_CONSTANT_CONVERSION = YES;
				CLANG_WARN_DEPRECATED_OBJC_IMPLEMENTATIONS = YES;
				CLANG_WARN_DIRECT_OBJC_ISA_USAGE = YES_ERROR;
				CLANG_WARN_DOCUMENTATION_COMMENTS = YES;
				CLANG_WARN_EMPTY_BODY = YES;
				CLANG_WARN_ENUM_CONVERSION = YES;
				CLANG_WARN_INFINITE_RECURSION = YES;
				CLANG_WARN_INT_CONVERSION = YES;
				CLANG_WARN_NON_LITERAL_NULL_CONVERSION = YES;
				CLANG_WARN_OBJC_IMPLICIT_RETAIN_SELF = YES;
				CLANG_WARN_OBJC_LITERAL_CONVERSION = YES;
				CLANG_WARN_OBJC_ROOT_CLASS = YES_ERROR;
				CLANG_WARN_QUOTED_INCLUDE_IN_FRAMEWORK_HEADER = YES;
				CLANG_WARN_RANGE_LOOP_ANALYSIS = YES;
				CLANG_WARN_STRICT_PROTOTYPES = YES;
				CLANG_WARN_SUSPICIOUS_MOVE = YES;
				CLANG_WARN_UNGUARDED_AVAILABILITY = YES_AGGRESSIVE;
				CLANG_WARN_UNREACHABLE_CODE = YES;
				CLANG_WARN__DUPLICATE_METHOD_MATCH = YES;
				COPY_PHASE_STRIP = NO;
				DEBUG_INFORMATION_FORMAT = dwarf;
				ENABLE_STRICT_OBJC_MSGSEND = YES;
				ENABLE_TESTABILITY = YES;
				ENABLE_USER_SCRIPT_SANDBOXING = YES;
				GCC_C_LANGUAGE_STANDARD = gnu17;
				GCC_DYNAMIC_NO_PIC = NO;
				GCC_NO_COMMON_BLOCKS = YES;
				GCC_OPTIMIZATION_LEVEL = 0;
				GCC_PREPROCESSOR_DEFINITIONS = (
					"DEBUG=1",
					"$(inherited)",
				);
				GCC_WARN_64_TO_32_BIT_CONVERSION = YES;
				GCC_WARN_ABOUT_RETURN_TYPE = YES_ERROR;
				GCC_WARN_UNDECLARED_SELECTOR = YES;
				GCC_WARN_UNINITIALIZED_AUTOS = YES_AGGRESSIVE;
				GCC_WARN_UNUSED_FUNCTION = YES;
				GCC_WARN_UNUSED_VARIABLE = YES;
				LOCALIZATION_PREFERS_STRING_CATALOGS = YES;
				MTL_ENABLE_DEBUG_INFO = INCLUDE_SOURCE;
				MTL_FAST_MATH = YES;
				ONLY_ACTIVE_ARCH = YES;
				SWIFT_ACTIVE_COMPILATION_CONDITIONS = "DEBUG $(inherited)";
				SWIFT_OPTIMIZATION_LEVEL = "-Onone";
			};
			name = Debug;
		};
		72AF8A212BB8A29A00CBFB36 /* Release */ = {
			isa = XCBuildConfiguration;
			buildSettings = {
				ALWAYS_SEARCH_USER_PATHS = NO;
				ASSETCATALOG_COMPILER_GENERATE_SWIFT_ASSET_SYMBOL_EXTENSIONS = YES;
				CLANG_ANALYZER_NONNULL = YES;
				CLANG_ANALYZER_NUMBER_OBJECT_CONVERSION = YES_AGGRESSIVE;
				CLANG_CXX_LANGUAGE_STANDARD = "gnu++20";
				CLANG_ENABLE_MODULES = YES;
				CLANG_ENABLE_OBJC_ARC = YES;
				CLANG_ENABLE_OBJC_WEAK = YES;
				CLANG_WARN_BLOCK_CAPTURE_AUTORELEASING = YES;
				CLANG_WARN_BOOL_CONVERSION = YES;
				CLANG_WARN_COMMA = YES;
				CLANG_WARN_CONSTANT_CONVERSION = YES;
				CLANG_WARN_DEPRECATED_OBJC_IMPLEMENTATIONS = YES;
				CLANG_WARN_DIRECT_OBJC_ISA_USAGE = YES_ERROR;
				CLANG_WARN_DOCUMENTATION_COMMENTS = YES;
				CLANG_WARN_EMPTY_BODY = YES;
				CLANG_WARN_ENUM_CONVERSION = YES;
				CLANG_WARN_INFINITE_RECURSION = YES;
				CLANG_WARN_INT_CONVERSION = YES;
				CLANG_WARN_NON_LITERAL_NULL_CONVERSION = YES;
				CLANG_WARN_OBJC_IMPLICIT_RETAIN_SELF = YES;
				CLANG_WARN_OBJC_LITERAL_CONVERSION = YES;
				CLANG_WARN_OBJC_ROOT_CLASS = YES_ERROR;
				CLANG_WARN_QUOTED_INCLUDE_IN_FRAMEWORK_HEADER = YES;
				CLANG_WARN_RANGE_LOOP_ANALYSIS = YES;
				CLANG_WARN_STRICT_PROTOTYPES = YES;
				CLANG_WARN_SUSPICIOUS_MOVE = YES;
				CLANG_WARN_UNGUARDED_AVAILABILITY = YES_AGGRESSIVE;
				CLANG_WARN_UNREACHABLE_CODE = YES;
				CLANG_WARN__DUPLICATE_METHOD_MATCH = YES;
				COPY_PHASE_STRIP = NO;
				DEBUG_INFORMATION_FORMAT = "dwarf-with-dsym";
				ENABLE_NS_ASSERTIONS = NO;
				ENABLE_STRICT_OBJC_MSGSEND = YES;
				ENABLE_USER_SCRIPT_SANDBOXING = YES;
				GCC_C_LANGUAGE_STANDARD = gnu17;
				GCC_NO_COMMON_BLOCKS = YES;
				GCC_WARN_64_TO_32_BIT_CONVERSION = YES;
				GCC_WARN_ABOUT_RETURN_TYPE = YES_ERROR;
				GCC_WARN_UNDECLARED_SELECTOR = YES;
				GCC_WARN_UNINITIALIZED_AUTOS = YES_AGGRESSIVE;
				GCC_WARN_UNUSED_FUNCTION = YES;
				GCC_WARN_UNUSED_VARIABLE = YES;
				LOCALIZATION_PREFERS_STRING_CATALOGS = YES;
				MTL_ENABLE_DEBUG_INFO = NO;
				MTL_FAST_MATH = YES;
				SWIFT_COMPILATION_MODE = wholemodule;
			};
			name = Release;
		};
		72AF8A232BB8A29A00CBFB36 /* Debug */ = {
			isa = XCBuildConfiguration;
			buildSettings = {
				ASSETCATALOG_COMPILER_APPICON_NAME = AppIcon;
				ASSETCATALOG_COMPILER_GLOBAL_ACCENT_COLOR_NAME = AccentColor;
				CODE_SIGN_ENTITLEMENTS = "Mbox extractor/Mbox_extractor.entitlements";
				CODE_SIGN_STYLE = Automatic;
				CURRENT_PROJECT_VERSION = 1;
				DEVELOPMENT_ASSET_PATHS = "\"Mbox extractor/Preview Content\"";
				DEVELOPMENT_TEAM = 46WUYUUA8V;
				ENABLE_HARDENED_RUNTIME = YES;
				ENABLE_PREVIEWS = YES;
				GENERATE_INFOPLIST_FILE = YES;
				"INFOPLIST_KEY_UIApplicationSceneManifest_Generation[sdk=iphoneos*]" = YES;
				"INFOPLIST_KEY_UIApplicationSceneManifest_Generation[sdk=iphonesimulator*]" = YES;
				"INFOPLIST_KEY_UIApplicationSupportsIndirectInputEvents[sdk=iphoneos*]" = YES;
				"INFOPLIST_KEY_UIApplicationSupportsIndirectInputEvents[sdk=iphonesimulator*]" = YES;
				"INFOPLIST_KEY_UILaunchScreen_Generation[sdk=iphoneos*]" = YES;
				"INFOPLIST_KEY_UILaunchScreen_Generation[sdk=iphonesimulator*]" = YES;
				"INFOPLIST_KEY_UIStatusBarStyle[sdk=iphoneos*]" = UIStatusBarStyleDefault;
				"INFOPLIST_KEY_UIStatusBarStyle[sdk=iphonesimulator*]" = UIStatusBarStyleDefault;
				INFOPLIST_KEY_UISupportedInterfaceOrientations_iPad = "UIInterfaceOrientationPortrait UIInterfaceOrientationPortraitUpsideDown UIInterfaceOrientationLandscapeLeft UIInterfaceOrientationLandscapeRight";
				INFOPLIST_KEY_UISupportedInterfaceOrientations_iPhone = "UIInterfaceOrientationPortrait UIInterfaceOrientationLandscapeLeft UIInterfaceOrientationLandscapeRight";
				IPHONEOS_DEPLOYMENT_TARGET = 17.4;
				LD_RUNPATH_SEARCH_PATHS = "@executable_path/Frameworks";
				"LD_RUNPATH_SEARCH_PATHS[sdk=macosx*]" = "@executable_path/../Frameworks";
				MACOSX_DEPLOYMENT_TARGET = 14.4;
				MARKETING_VERSION = 1.0;
				PRODUCT_BUNDLE_IDENTIFIER = "com.oil3.Mbox-extractor";
				PRODUCT_NAME = "$(TARGET_NAME)";
				SDKROOT = auto;
				SUPPORTED_PLATFORMS = "iphoneos iphonesimulator macosx";
				SWIFT_EMIT_LOC_STRINGS = YES;
				SWIFT_VERSION = 5.0;
				TARGETED_DEVICE_FAMILY = "1,2";
			};
			name = Debug;
		};
		72AF8A242BB8A29A00CBFB36 /* Release */ = {
			isa = XCBuildConfiguration;
			buildSettings = {
				ASSETCATALOG_COMPILER_APPICON_NAME = AppIcon;
				ASSETCATALOG_COMPILER_GLOBAL_ACCENT_COLOR_NAME = AccentColor;
				CODE_SIGN_ENTITLEMENTS = "Mbox extractor/Mbox_extractor.entitlements";
				CODE_SIGN_STYLE = Automatic;
				CURRENT_PROJECT_VERSION = 1;
				DEVELOPMENT_ASSET_PATHS = "\"Mbox extractor/Preview Content\"";
				DEVELOPMENT_TEAM = 46WUYUUA8V;
				ENABLE_HARDENED_RUNTIME = YES;
				ENABLE_PREVIEWS = YES;
				GENERATE_INFOPLIST_FILE = YES;
				"INFOPLIST_KEY_UIApplicationSceneManifest_Generation[sdk=iphoneos*]" = YES;
				"INFOPLIST_KEY_UIApplicationSceneManifest_Generation[sdk=iphonesimulator*]" = YES;
				"INFOPLIST_KEY_UIApplicationSupportsIndirectInputEvents[sdk=iphoneos*]" = YES;
				"INFOPLIST_KEY_UIApplicationSupportsIndirectInputEvents[sdk=iphonesimulator*]" = YES;
				"INFOPLIST_KEY_UILaunchScreen_Generation[sdk=iphoneos*]" = YES;
				"INFOPLIST_KEY_UILaunchScreen_Generation[sdk=iphonesimulator*]" = YES;
				"INFOPLIST_KEY_UIStatusBarStyle[sdk=iphoneos*]" = UIStatusBarStyleDefault;
				"INFOPLIST_KEY_UIStatusBarStyle[sdk=iphonesimulator*]" = UIStatusBarStyleDefault;
				INFOPLIST_KEY_UISupportedInterfaceOrientations_iPad = "UIInterfaceOrientationPortrait UIInterfaceOrientationPortraitUpsideDown UIInterfaceOrientationLandscapeLeft UIInterfaceOrientationLandscapeRight";
				INFOPLIST_KEY_UISupportedInterfaceOrientations_iPhone = "UIInterfaceOrientationPortrait UIInterfaceOrientationLandscapeLeft UIInterfaceOrientationLandscapeRight";
				IPHONEOS_DEPLOYMENT_TARGET = 17.4;
				LD_RUNPATH_SEARCH_PATHS = "@executable_path/Frameworks";
				"LD_RUNPATH_SEARCH_PATHS[sdk=macosx*]" = "@executable_path/../Frameworks";
				MACOSX_DEPLOYMENT_TARGET = 14.4;
				MARKETING_VERSION = 1.0;
				PRODUCT_BUNDLE_IDENTIFIER = "com.oil3.Mbox-extractor";
				PRODUCT_NAME = "$(TARGET_NAME)";
				SDKROOT = auto;
				SUPPORTED_PLATFORMS = "iphoneos iphonesimulator macosx";
				SWIFT_EMIT_LOC_STRINGS = YES;
				SWIFT_VERSION = 5.0;
				TARGETED_DEVICE_FAMILY = "1,2";
			};
			name = Release;
		};
/* End XCBuildConfiguration section */

/* Begin XCConfigurationList section */
		72AF8A0E2BB8A29800CBFB36 /* Build configuration list for PBXProject "Mbox extractor" */ = {
			isa = XCConfigurationList;
			buildConfigurations = (
				72AF8A202BB8A29A00CBFB36 /* Debug */,
				72AF8A212BB8A29A00CBFB36 /* Release */,
			);
			defaultConfigurationIsVisible = 0;
			defaultConfigurationName = Release;
		};
		72AF8A222BB8A29A00CBFB36 /* Build configuration list for PBXNativeTarget "Mbox extractor" */ = {
			isa = XCConfigurationList;
			buildConfigurations = (
				72AF8A232BB8A29A00CBFB36 /* Debug */,
				72AF8A242BB8A29A00CBFB36 /* Release */,
			);
			defaultConfigurationIsVisible = 0;
			defaultConfigurationName = Release;
		};
/* End XCConfigurationList section */
	};
	rootObject = 72AF8A0B2BB8A29800CBFB36 /* Project object */;
}
